
Microsoft Visual Studio Solution File, Format Version 12.00
# Visual Studio Version 16
VisualStudioVersion = 16.0.29409.12
MinimumVisualStudioVersion = 10.0.40219.1
Project("{FAE04EC0-301F-11D3-BF4B-00C04F79EFBC}") = "TdVeloMagg", "TdVeloMagg.csproj", "{B6BE9509-CAF0-4B7A-8300-C8809D129963}"
EndProject
Global
	GlobalSection(SolutionConfigurationPlatforms) = preSolution
		Debug|Any CPU = Debug|Any CPU
		Release|Any CPU = Release|Any CPU
	EndGlobalSection
	GlobalSection(ProjectConfigurationPlatforms) = postSolution
		{B6BE9509-CAF0-4B7A-8300-C8809D129963}.Debug|Any CPU.ActiveCfg = Debug|Any CPU
		{B6BE9509-CAF0-4B7A-8300-C8809D129963}.Debug|Any CPU.Build.0 = Debug|Any CPU
		{B6BE9509-CAF0-4B7A-8300-C8809D129963}.Release|Any CPU.ActiveCfg = Release|Any CPU
		{B6BE9509-CAF0-4B7A-8300-C8809D129963}.Release|Any CPU.Build.0 = Release|Any CPU
	EndGlobalSection
	GlobalSection(SolutionProperties) = preSolution
		HideSolutionNode = FALSE
	EndGlobalSection
	GlobalSection(ExtensibilityGlobals) = postSolution
		SolutionGuid = {32F7A67C-E2A1-4583-AADD-3A369E87CC10}
	EndGlobalSection
EndGlobal
